
Microsoft Visual Studio Solution File, Format Version 12.00
# Visual Studio Version 17
VisualStudioVersion = 17.11.35312.102
MinimumVisualStudioVersion = 10.0.40219.1
Project("{FAE04EC0-301F-11D3-BF4B-00C04F79EFBC}") = "Kluis", "Kluis\Kluis.csproj", "{246FCBAA-A315-4872-9632-4B516C453797}"
EndProject
Global
	GlobalSection(SolutionConfigurationPlatforms) = preSolution
		Debug|Any CPU = Debug|Any CPU
		Release|Any CPU = Release|Any CPU
	EndGlobalSection
	GlobalSection(ProjectConfigurationPlatforms) = postSolution
		{246FCBAA-A315-4872-9632-4B516C453797}.Debug|Any CPU.ActiveCfg = Debug|Any CPU
		{246FCBAA-A315-4872-9632-4B516C453797}.Debug|Any CPU.Build.0 = Debug|Any CPU
		{246FCBAA-A315-4872-9632-4B516C453797}.Release|Any CPU.ActiveCfg = Release|Any CPU
		{246FCBAA-A315-4872-9632-4B516C453797}.Release|Any CPU.Build.0 = Release|Any CPU
	EndGlobalSection
	GlobalSection(SolutionProperties) = preSolution
		HideSolutionNode = FALSE
	EndGlobalSection
	GlobalSection(ExtensibilityGlobals) = postSolution
		SolutionGuid = {5898EF06-7291-4A46-BE6C-B6C5429F1CBE}
	EndGlobalSection
EndGlobal
